
Microsoft Visual Studio Solution File, Format Version 12.00
# Visual Studio Version 17
VisualStudioVersion = 17.5.002.0
MinimumVisualStudioVersion = 10.0.40219.1
Project("{9A19103F-16F7-4668-BE54-9A1E7A4F7556}") = "LearningCards", "LearningCards.csproj", "{9765744E-01D7-42B3-B040-49C501D14A39}"
EndProject
Global
	GlobalSection(SolutionConfigurationPlatforms) = preSolution
		Debug|Any CPU = Debug|Any CPU
		Release|Any CPU = Release|Any CPU
	EndGlobalSection
	GlobalSection(ProjectConfigurationPlatforms) = postSolution
		{9765744E-01D7-42B3-B040-49C501D14A39}.Debug|Any CPU.ActiveCfg = Debug|Any CPU
		{9765744E-01D7-42B3-B040-49C501D14A39}.Debug|Any CPU.Build.0 = Debug|Any CPU
		{9765744E-01D7-42B3-B040-49C501D14A39}.Release|Any CPU.ActiveCfg = Release|Any CPU
		{9765744E-01D7-42B3-B040-49C501D14A39}.Release|Any CPU.Build.0 = Release|Any CPU
	EndGlobalSection
	GlobalSection(SolutionProperties) = preSolution
		HideSolutionNode = FALSE
	EndGlobalSection
	GlobalSection(ExtensibilityGlobals) = postSolution
		SolutionGuid = {6A365147-D047-43B0-BD69-1C4E903250A2}
	EndGlobalSection
EndGlobal
